
Microsoft Visual Studio Solution File, Format Version 12.00
# Visual Studio Version 16
VisualStudioVersion = 16.0.29721.120
MinimumVisualStudioVersion = 10.0.40219.1
Project("{9A19103F-16F7-4668-BE54-9A1E7A4F7556}") = "Taxi.Common", "Taxi.Common\Taxi.Common.csproj", "{5B885080-9029-441A-8304-629016F90AD5}"
EndProject
Project("{9A19103F-16F7-4668-BE54-9A1E7A4F7556}") = "Taxi.Web", "Taxi.Web\Taxi.Web.csproj", "{D94D9E05-90EC-406A-9D71-105F550D8E38}"
EndProject
Project("{9A19103F-16F7-4668-BE54-9A1E7A4F7556}") = "Taxi.Prism", "Taxi.Prism\Taxi.Prism\Taxi.Prism.csproj", "{50A81C3A-076F-46D2-AB3B-F64B9F90B1C6}"
EndProject
Project("{FAE04EC0-301F-11D3-BF4B-00C04F79EFBC}") = "Taxi.Prism.Android", "Taxi.Prism\Taxi.Prism.Android\Taxi.Prism.Android.csproj", "{0274DF6D-444B-46CF-82D0-F177A0511177}"
EndProject
Project("{FAE04EC0-301F-11D3-BF4B-00C04F79EFBC}") = "Taxi.Prism.iOS", "Taxi.Prism\Taxi.Prism.iOS\Taxi.Prism.iOS.csproj", "{355383CF-975C-43AE-8B07-3C8D83EA38EF}"
EndProject
Project("{FAE04EC0-301F-11D3-BF4B-00C04F79EFBC}") = "Taxi.Cross.Android", "Taxi.Cross.Android\Taxi.Cross.Android.csproj", "{D9601D22-2CE1-48C1-BC37-43AA92F2D400}"
EndProject
Project("{FAE04EC0-301F-11D3-BF4B-00C04F79EFBC}") = "Taxi.Cross.iOS", "Taxi.Cross.iOS\Taxi.Cross.iOS.csproj", "{F020A075-B2BB-4AED-91CC-31B6D58E7D44}"
EndProject
Global
	GlobalSection(SolutionConfigurationPlatforms) = preSolution
		Ad-Hoc|Any CPU = Ad-Hoc|Any CPU
		Ad-Hoc|iPhone = Ad-Hoc|iPhone
		Ad-Hoc|iPhoneSimulator = Ad-Hoc|iPhoneSimulator
		AppStore|Any CPU = AppStore|Any CPU
		AppStore|iPhone = AppStore|iPhone
		AppStore|iPhoneSimulator = AppStore|iPhoneSimulator
		Debug|Any CPU = Debug|Any CPU
		Debug|iPhone = Debug|iPhone
		Debug|iPhoneSimulator = Debug|iPhoneSimulator
		Release|Any CPU = Release|Any CPU
		Release|iPhone = Release|iPhone
		Release|iPhoneSimulator = Release|iPhoneSimulator
	EndGlobalSection
	GlobalSection(ProjectConfigurationPlatforms) = postSolution
		{5B885080-9029-441A-8304-629016F90AD5}.Ad-Hoc|Any CPU.ActiveCfg = Release|Any CPU
		{5B885080-9029-441A-8304-629016F90AD5}.Ad-Hoc|Any CPU.Build.0 = Release|Any CPU
		{5B885080-9029-441A-8304-629016F90AD5}.Ad-Hoc|iPhone.ActiveCfg = Release|Any CPU
		{5B885080-9029-441A-8304-629016F90AD5}.Ad-Hoc|iPhone.Build.0 = Release|Any CPU
		{5B885080-9029-441A-8304-629016F90AD5}.Ad-Hoc|iPhoneSimulator.ActiveCfg = Release|Any CPU
		{5B885080-9029-441A-8304-629016F90AD5}.Ad-Hoc|iPhoneSimulator.Build.0 = Release|Any CPU
		{5B885080-9029-441A-8304-629016F90AD5}.AppStore|Any CPU.ActiveCfg = Release|Any CPU
		{5B885080-9029-441A-8304-629016F90AD5}.AppStore|Any CPU.Build.0 = Release|Any CPU
		{5B885080-9029-441A-8304-629016F90AD5}.AppStore|iPhone.ActiveCfg = Release|Any CPU
		{5B885080-9029-441A-8304-629016F90AD5}.AppStore|iPhone.Build.0 = Release|Any CPU
		{5B885080-9029-441A-8304-629016F90AD5}.AppStore|iPhoneSimulator.ActiveCfg = Release|Any CPU
		{5B885080-9029-441A-8304-629016F90AD5}.AppStore|iPhoneSimulator.Build.0 = Release|Any CPU
		{5B885080-9029-441A-8304-629016F90AD5}.Debug|Any CPU.ActiveCfg = Debug|Any CPU
		{5B885080-9029-441A-8304-629016F90AD5}.Debug|Any CPU.Build.0 = Debug|Any CPU
		{5B885080-9029-441A-8304-629016F90AD5}.Debug|iPhone.ActiveCfg = Debug|Any CPU
		{5B885080-9029-441A-8304-629016F90AD5}.Debug|iPhone.Build.0 = Debug|Any CPU
		{5B885080-9029-441A-8304-629016F90AD5}.Debug|iPhoneSimulator.ActiveCfg = Debug|Any CPU
		{5B885080-9029-441A-8304-629016F90AD5}.Debug|iPhoneSimulator.Build.0 = Debug|Any CPU
		{5B885080-9029-441A-8304-629016F90AD5}.Release|Any CPU.ActiveCfg = Release|Any CPU
		{5B885080-9029-441A-8304-629016F90AD5}.Release|Any CPU.Build.0 = Release|Any CPU
		{5B885080-9029-441A-8304-629016F90AD5}.Release|iPhone.ActiveCfg = Release|Any CPU
		{5B885080-9029-441A-8304-629016F90AD5}.Release|iPhone.Build.0 = Release|Any CPU
		{5B885080-9029-441A-8304-629016F90AD5}.Release|iPhoneSimulator.ActiveCfg = Release|Any CPU
		{5B885080-9029-441A-8304-629016F90AD5}.Release|iPhoneSimulator.Build.0 = Release|Any CPU
		{D94D9E05-90EC-406A-9D71-105F550D8E38}.Ad-Hoc|Any CPU.ActiveCfg = Release|Any CPU
		{D94D9E05-90EC-406A-9D71-105F550D8E38}.Ad-Hoc|Any CPU.Build.0 = Release|Any CPU
		{D94D9E05-90EC-406A-9D71-105F550D8E38}.Ad-Hoc|iPhone.ActiveCfg = Release|Any CPU
		{D94D9E05-90EC-406A-9D71-105F550D8E38}.Ad-Hoc|iPhone.Build.0 = Release|Any CPU
		{D94D9E05-90EC-406A-9D71-105F550D8E38}.Ad-Hoc|iPhoneSimulator.ActiveCfg = Release|Any CPU
		{D94D9E05-90EC-406A-9D71-105F550D8E38}.Ad-Hoc|iPhoneSimulator.Build.0 = Release|Any CPU
		{D94D9E05-90EC-406A-9D71-105F550D8E38}.AppStore|Any CPU.ActiveCfg = Release|Any CPU
		{D94D9E05-90EC-406A-9D71-105F550D8E38}.AppStore|Any CPU.Build.0 = Release|Any CPU
		{D94D9E05-90EC-406A-9D71-105F550D8E38}.AppStore|iPhone.ActiveCfg = Release|Any CPU
		{D94D9E05-90EC-406A-9D71-105F550D8E38}.AppStore|iPhone.Build.0 = Release|Any CPU
		{D94D9E05-90EC-406A-9D71-105F550D8E38}.AppStore|iPhoneSimulator.ActiveCfg = Release|Any CPU
		{D94D9E05-90EC-406A-9D71-105F550D8E38}.AppStore|iPhoneSimulator.Build.0 = Release|Any CPU
		{D94D9E05-90EC-406A-9D71-105F550D8E38}.Debug|Any CPU.ActiveCfg = Debug|Any CPU
		{D94D9E05-90EC-406A-9D71-105F550D8E38}.Debug|Any CPU.Build.0 = Debug|Any CPU
		{D94D9E05-90EC-406A-9D71-105F550D8E38}.Debug|iPhone.ActiveCfg = Debug|Any CPU
		{D94D9E05-90EC-406A-9D71-105F550D8E38}.Debug|iPhone.Build.0 = Debug|Any CPU
		{D94D9E05-90EC-406A-9D71-105F550D8E38}.Debug|iPhoneSimulator.ActiveCfg = Debug|Any CPU
		{D94D9E05-90EC-406A-9D71-105F550D8E38}.Debug|iPhoneSimulator.Build.0 = Debug|Any CPU
		{D94D9E05-90EC-406A-9D71-105F550D8E38}.Release|Any CPU.ActiveCfg = Release|Any CPU
		{D94D9E05-90EC-406A-9D71-105F550D8E38}.Release|Any CPU.Build.0 = Release|Any CPU
		{D94D9E05-90EC-406A-9D71-105F550D8E38}.Release|iPhone.ActiveCfg = Release|Any CPU
		{D94D9E05-90EC-406A-9D71-105F550D8E38}.Release|iPhone.Build.0 = Release|Any CPU
		{D94D9E05-90EC-406A-9D71-105F550D8E38}.Release|iPhoneSimulator.ActiveCfg = Release|Any CPU
		{D94D9E05-90EC-406A-9D71-105F550D8E38}.Release|iPhoneSimulator.Build.0 = Release|Any CPU
		{50A81C3A-076F-46D2-AB3B-F64B9F90B1C6}.Ad-Hoc|Any CPU.ActiveCfg = Debug|Any CPU
		{50A81C3A-076F-46D2-AB3B-F64B9F90B1C6}.Ad-Hoc|Any CPU.Build.0 = Debug|Any CPU
		{50A81C3A-076F-46D2-AB3B-F64B9F90B1C6}.Ad-Hoc|iPhone.ActiveCfg = Debug|Any CPU
		{50A81C3A-076F-46D2-AB3B-F64B9F90B1C6}.Ad-Hoc|iPhone.Build.0 = Debug|Any CPU
		{50A81C3A-076F-46D2-AB3B-F64B9F90B1C6}.Ad-Hoc|iPhoneSimulator.ActiveCfg = Debug|Any CPU
		{50A81C3A-076F-46D2-AB3B-F64B9F90B1C6}.Ad-Hoc|iPhoneSimulator.Build.0 = Debug|Any CPU
		{50A81C3A-076F-46D2-AB3B-F64B9F90B1C6}.AppStore|Any CPU.ActiveCfg = Debug|Any CPU
		{50A81C3A-076F-46D2-AB3B-F64B9F90B1C6}.AppStore|Any CPU.Build.0 = Debug|Any CPU
		{50A81C3A-076F-46D2-AB3B-F64B9F90B1C6}.AppStore|iPhone.ActiveCfg = Debug|Any CPU
		{50A81C3A-076F-46D2-AB3B-F64B9F90B1C6}.AppStore|iPhone.Build.0 = Debug|Any CPU
		{50A81C3A-076F-46D2-AB3B-F64B9F90B1C6}.AppStore|iPhoneSimulator.ActiveCfg = Debug|Any CPU
		{50A81C3A-076F-46D2-AB3B-F64B9F90B1C6}.AppStore|iPhoneSimulator.Build.0 = Debug|Any CPU
		{50A81C3A-076F-46D2-AB3B-F64B9F90B1C6}.Debug|Any CPU.ActiveCfg = Debug|Any CPU
		{50A81C3A-076F-46D2-AB3B-F64B9F90B1C6}.Debug|Any CPU.Build.0 = Debug|Any CPU
		{50A81C3A-076F-46D2-AB3B-F64B9F90B1C6}.Debug|iPhone.ActiveCfg = Debug|Any CPU
		{50A81C3A-076F-46D2-AB3B-F64B9F90B1C6}.Debug|iPhone.Build.0 = Debug|Any CPU
		{50A81C3A-076F-46D2-AB3B-F64B9F90B1C6}.Debug|iPhoneSimulator.ActiveCfg = Debug|Any CPU
		{50A81C3A-076F-46D2-AB3B-F64B9F90B1C6}.Debug|iPhoneSimulator.Build.0 = Debug|Any CPU
		{50A81C3A-076F-46D2-AB3B-F64B9F90B1C6}.Release|Any CPU.ActiveCfg = Release|Any CPU
		{50A81C3A-076F-46D2-AB3B-F64B9F90B1C6}.Release|Any CPU.Build.0 = Release|Any CPU
		{50A81C3A-076F-46D2-AB3B-F64B9F90B1C6}.Release|iPhone.ActiveCfg = Release|Any CPU
		{50A81C3A-076F-46D2-AB3B-F64B9F90B1C6}.Release|iPhone.Build.0 = Release|Any CPU
		{50A81C3A-076F-46D2-AB3B-F64B9F90B1C6}.Release|iPhoneSimulator.ActiveCfg = Release|Any CPU
		{50A81C3A-076F-46D2-AB3B-F64B9F90B1C6}.Release|iPhoneSimulator.Build.0 = Release|Any CPU
		{0274DF6D-444B-46CF-82D0-F177A0511177}.Ad-Hoc|Any CPU.ActiveCfg = Release|Any CPU
		{0274DF6D-444B-46CF-82D0-F177A0511177}.Ad-Hoc|Any CPU.Build.0 = Release|Any CPU
		{0274DF6D-444B-46CF-82D0-F177A0511177}.Ad-Hoc|Any CPU.Deploy.0 = Release|Any CPU
		{0274DF6D-444B-46CF-82D0-F177A0511177}.Ad-Hoc|iPhone.ActiveCfg = Release|Any CPU
		{0274DF6D-444B-46CF-82D0-F177A0511177}.Ad-Hoc|iPhone.Build.0 = Release|Any CPU
		{0274DF6D-444B-46CF-82D0-F177A0511177}.Ad-Hoc|iPhone.Deploy.0 = Release|Any CPU
		{0274DF6D-444B-46CF-82D0-F177A0511177}.Ad-Hoc|iPhoneSimulator.ActiveCfg = Release|Any CPU
		{0274DF6D-444B-46CF-82D0-F177A0511177}.Ad-Hoc|iPhoneSimulator.Build.0 = Release|Any CPU
		{0274DF6D-444B-46CF-82D0-F177A0511177}.Ad-Hoc|iPhoneSimulator.Deploy.0 = Release|Any CPU
		{0274DF6D-444B-46CF-82D0-F177A0511177}.AppStore|Any CPU.ActiveCfg = Release|Any CPU
		{0274DF6D-444B-46CF-82D0-F177A0511177}.AppStore|Any CPU.Build.0 = Release|Any CPU
		{0274DF6D-444B-46CF-82D0-F177A0511177}.AppStore|Any CPU.Deploy.0 = Release|Any CPU
		{0274DF6D-444B-46CF-82D0-F177A0511177}.AppStore|iPhone.ActiveCfg = Release|Any CPU
		{0274DF6D-444B-46CF-82D0-F177A0511177}.AppStore|iPhone.Build.0 = Release|Any CPU
		{0274DF6D-444B-46CF-82D0-F177A0511177}.AppStore|iPhone.Deploy.0 = Release|Any CPU
		{0274DF6D-444B-46CF-82D0-F177A0511177}.AppStore|iPhoneSimulator.ActiveCfg = Release|Any CPU
		{0274DF6D-444B-46CF-82D0-F177A0511177}.AppStore|iPhoneSimulator.Build.0 = Release|Any CPU
		{0274DF6D-444B-46CF-82D0-F177A0511177}.AppStore|iPhoneSimulator.Deploy.0 = Release|Any CPU
		{0274DF6D-444B-46CF-82D0-F177A0511177}.Debug|Any CPU.ActiveCfg = Debug|Any CPU
		{0274DF6D-444B-46CF-82D0-F177A0511177}.Debug|Any CPU.Build.0 = Debug|Any CPU
		{0274DF6D-444B-46CF-82D0-F177A0511177}.Debug|Any CPU.Deploy.0 = Debug|Any CPU
		{0274DF6D-444B-46CF-82D0-F177A0511177}.Debug|iPhone.ActiveCfg = Debug|Any CPU
		{0274DF6D-444B-46CF-82D0-F177A0511177}.Debug|iPhone.Build.0 = Debug|Any CPU
		{0274DF6D-444B-46CF-82D0-F177A0511177}.Debug|iPhone.Deploy.0 = Debug|Any CPU
		{0274DF6D-444B-46CF-82D0-F177A0511177}.Debug|iPhoneSimulator.ActiveCfg = Debug|Any CPU
		{0274DF6D-444B-46CF-82D0-F177A0511177}.Debug|iPhoneSimulator.Build.0 = Debug|Any CPU
		{0274DF6D-444B-46CF-82D0-F177A0511177}.Debug|iPhoneSimulator.Deploy.0 = Debug|Any CPU
		{0274DF6D-444B-46CF-82D0-F177A0511177}.Release|Any CPU.ActiveCfg = Release|Any CPU
		{0274DF6D-444B-46CF-82D0-F177A0511177}.Release|Any CPU.Build.0 = Release|Any CPU
		{0274DF6D-444B-46CF-82D0-F177A0511177}.Release|Any CPU.Deploy.0 = Release|Any CPU
		{0274DF6D-444B-46CF-82D0-F177A0511177}.Release|iPhone.ActiveCfg = Release|Any CPU
		{0274DF6D-444B-46CF-82D0-F177A0511177}.Release|iPhone.Build.0 = Release|Any CPU
		{0274DF6D-444B-46CF-82D0-F177A0511177}.Release|iPhone.Deploy.0 = Release|Any CPU
		{0274DF6D-444B-46CF-82D0-F177A0511177}.Release|iPhoneSimulator.ActiveCfg = Release|Any CPU
		{0274DF6D-444B-46CF-82D0-F177A0511177}.Release|iPhoneSimulator.Build.0 = Release|Any CPU
		{0274DF6D-444B-46CF-82D0-F177A0511177}.Release|iPhoneSimulator.Deploy.0 = Release|Any CPU
		{355383CF-975C-43AE-8B07-3C8D83EA38EF}.Ad-Hoc|Any CPU.ActiveCfg = Ad-Hoc|iPhone
		{355383CF-975C-43AE-8B07-3C8D83EA38EF}.Ad-Hoc|iPhone.ActiveCfg = Ad-Hoc|iPhone
		{355383CF-975C-43AE-8B07-3C8D83EA38EF}.Ad-Hoc|iPhone.Build.0 = Ad-Hoc|iPhone
		{355383CF-975C-43AE-8B07-3C8D83EA38EF}.Ad-Hoc|iPhoneSimulator.ActiveCfg = Ad-Hoc|iPhoneSimulator
		{355383CF-975C-43AE-8B07-3C8D83EA38EF}.Ad-Hoc|iPhoneSimulator.Build.0 = Ad-Hoc|iPhoneSimulator
		{355383CF-975C-43AE-8B07-3C8D83EA38EF}.AppStore|Any CPU.ActiveCfg = AppStore|iPhone
		{355383CF-975C-43AE-8B07-3C8D83EA38EF}.AppStore|iPhone.ActiveCfg = AppStore|iPhone
		{355383CF-975C-43AE-8B07-3C8D83EA38EF}.AppStore|iPhone.Build.0 = AppStore|iPhone
		{355383CF-975C-43AE-8B07-3C8D83EA38EF}.AppStore|iPhoneSimulator.ActiveCfg = AppStore|iPhoneSimulator
		{355383CF-975C-43AE-8B07-3C8D83EA38EF}.AppStore|iPhoneSimulator.Build.0 = AppStore|iPhoneSimulator
		{355383CF-975C-43AE-8B07-3C8D83EA38EF}.Debug|Any CPU.ActiveCfg = Debug|iPhone
		{355383CF-975C-43AE-8B07-3C8D83EA38EF}.Debug|iPhone.ActiveCfg = Debug|iPhone
		{355383CF-975C-43AE-8B07-3C8D83EA38EF}.Debug|iPhone.Build.0 = Debug|iPhone
		{355383CF-975C-43AE-8B07-3C8D83EA38EF}.Debug|iPhoneSimulator.ActiveCfg = Debug|iPhoneSimulator
		{355383CF-975C-43AE-8B07-3C8D83EA38EF}.Debug|iPhoneSimulator.Build.0 = Debug|iPhoneSimulator
		{355383CF-975C-43AE-8B07-3C8D83EA38EF}.Release|Any CPU.ActiveCfg = Release|iPhone
		{355383CF-975C-43AE-8B07-3C8D83EA38EF}.Release|iPhone.ActiveCfg = Release|iPhone
		{355383CF-975C-43AE-8B07-3C8D83EA38EF}.Release|iPhone.Build.0 = Release|iPhone
		{355383CF-975C-43AE-8B07-3C8D83EA38EF}.Release|iPhoneSimulator.ActiveCfg = Release|iPhoneSimulator
		{355383CF-975C-43AE-8B07-3C8D83EA38EF}.Release|iPhoneSimulator.Build.0 = Release|iPhoneSimulator
		{D9601D22-2CE1-48C1-BC37-43AA92F2D400}.Ad-Hoc|Any CPU.ActiveCfg = Release|Any CPU
		{D9601D22-2CE1-48C1-BC37-43AA92F2D400}.Ad-Hoc|Any CPU.Build.0 = Release|Any CPU
		{D9601D22-2CE1-48C1-BC37-43AA92F2D400}.Ad-Hoc|Any CPU.Deploy.0 = Release|Any CPU
		{D9601D22-2CE1-48C1-BC37-43AA92F2D400}.Ad-Hoc|iPhone.ActiveCfg = Release|Any CPU
		{D9601D22-2CE1-48C1-BC37-43AA92F2D400}.Ad-Hoc|iPhone.Build.0 = Release|Any CPU
		{D9601D22-2CE1-48C1-BC37-43AA92F2D400}.Ad-Hoc|iPhone.Deploy.0 = Release|Any CPU
		{D9601D22-2CE1-48C1-BC37-43AA92F2D400}.Ad-Hoc|iPhoneSimulator.ActiveCfg = Release|Any CPU
		{D9601D22-2CE1-48C1-BC37-43AA92F2D400}.Ad-Hoc|iPhoneSimulator.Build.0 = Release|Any CPU
		{D9601D22-2CE1-48C1-BC37-43AA92F2D400}.Ad-Hoc|iPhoneSimulator.Deploy.0 = Release|Any CPU
		{D9601D22-2CE1-48C1-BC37-43AA92F2D400}.AppStore|Any CPU.ActiveCfg = Release|Any CPU
		{D9601D22-2CE1-48C1-BC37-43AA92F2D400}.AppStore|Any CPU.Build.0 = Release|Any CPU
		{D9601D22-2CE1-48C1-BC37-43AA92F2D400}.AppStore|Any CPU.Deploy.0 = Release|Any CPU
		{D9601D22-2CE1-48C1-BC37-43AA92F2D400}.AppStore|iPhone.ActiveCfg = Release|Any CPU
		{D9601D22-2CE1-48C1-BC37-43AA92F2D400}.AppStore|iPhone.Build.0 = Release|Any CPU
		{D9601D22-2CE1-48C1-BC37-43AA92F2D400}.AppStore|iPhone.Deploy.0 = Release|Any CPU
		{D9601D22-2CE1-48C1-BC37-43AA92F2D400}.AppStore|iPhoneSimulator.ActiveCfg = Release|Any CPU
		{D9601D22-2CE1-48C1-BC37-43AA92F2D400}.AppStore|iPhoneSimulator.Build.0 = Release|Any CPU
		{D9601D22-2CE1-48C1-BC37-43AA92F2D400}.AppStore|iPhoneSimulator.Deploy.0 = Release|Any CPU
		{D9601D22-2CE1-48C1-BC37-43AA92F2D400}.Debug|Any CPU.ActiveCfg = Debug|Any CPU
		{D9601D22-2CE1-48C1-BC37-43AA92F2D400}.Debug|Any CPU.Build.0 = Debug|Any CPU
		{D9601D22-2CE1-48C1-BC37-43AA92F2D400}.Debug|Any CPU.Deploy.0 = Debug|Any CPU
		{D9601D22-2CE1-48C1-BC37-43AA92F2D400}.Debug|iPhone.ActiveCfg = Debug|Any CPU
		{D9601D22-2CE1-48C1-BC37-43AA92F2D400}.Debug|iPhone.Build.0 = Debug|Any CPU
		{D9601D22-2CE1-48C1-BC37-43AA92F2D400}.Debug|iPhone.Deploy.0 = Debug|Any CPU
		{D9601D22-2CE1-48C1-BC37-43AA92F2D400}.Debug|iPhoneSimulator.ActiveCfg = Debug|Any CPU
		{D9601D22-2CE1-48C1-BC37-43AA92F2D400}.Debug|iPhoneSimulator.Build.0 = Debug|Any CPU
		{D9601D22-2CE1-48C1-BC37-43AA92F2D400}.Debug|iPhoneSimulator.Deploy.0 = Debug|Any CPU
		{D9601D22-2CE1-48C1-BC37-43AA92F2D400}.Release|Any CPU.ActiveCfg = Release|Any CPU
		{D9601D22-2CE1-48C1-BC37-43AA92F2D400}.Release|Any CPU.Build.0 = Release|Any CPU
		{D9601D22-2CE1-48C1-BC37-43AA92F2D400}.Release|Any CPU.Deploy.0 = Release|Any CPU
		{D9601D22-2CE1-48C1-BC37-43AA92F2D400}.Release|iPhone.ActiveCfg = Release|Any CPU
		{D9601D22-2CE1-48C1-BC37-43AA92F2D400}.Release|iPhone.Build.0 = Release|Any CPU
		{D9601D22-2CE1-48C1-BC37-43AA92F2D400}.Release|iPhone.Deploy.0 = Release|Any CPU
		{D9601D22-2CE1-48C1-BC37-43AA92F2D400}.Release|iPhoneSimulator.ActiveCfg = Release|Any CPU
		{D9601D22-2CE1-48C1-BC37-43AA92F2D400}.Release|iPhoneSimulator.Build.0 = Release|Any CPU
		{D9601D22-2CE1-48C1-BC37-43AA92F2D400}.Release|iPhoneSimulator.Deploy.0 = Release|Any CPU
		{F020A075-B2BB-4AED-91CC-31B6D58E7D44}.Ad-Hoc|Any CPU.ActiveCfg = Release|iPhone
		{F020A075-B2BB-4AED-91CC-31B6D58E7D44}.Ad-Hoc|Any CPU.Build.0 = Release|iPhone
		{F020A075-B2BB-4AED-91CC-31B6D58E7D44}.Ad-Hoc|iPhone.ActiveCfg = Release|iPhone
		{F020A075-B2BB-4AED-91CC-31B6D58E7D44}.Ad-Hoc|iPhone.Build.0 = Release|iPhone
		{F020A075-B2BB-4AED-91CC-31B6D58E7D44}.Ad-Hoc|iPhoneSimulator.ActiveCfg = Release|iPhoneSimulator
		{F020A075-B2BB-4AED-91CC-31B6D58E7D44}.Ad-Hoc|iPhoneSimulator.Build.0 = Release|iPhoneSimulator
		{F020A075-B2BB-4AED-91CC-31B6D58E7D44}.AppStore|Any CPU.ActiveCfg = Release|iPhone
		{F020A075-B2BB-4AED-91CC-31B6D58E7D44}.AppStore|Any CPU.Build.0 = Release|iPhone
		{F020A075-B2BB-4AED-91CC-31B6D58E7D44}.AppStore|iPhone.ActiveCfg = Release|iPhone
		{F020A075-B2BB-4AED-91CC-31B6D58E7D44}.AppStore|iPhone.Build.0 = Release|iPhone
		{F020A075-B2BB-4AED-91CC-31B6D58E7D44}.AppStore|iPhoneSimulator.ActiveCfg = Release|iPhoneSimulator
		{F020A075-B2BB-4AED-91CC-31B6D58E7D44}.AppStore|iPhoneSimulator.Build.0 = Release|iPhoneSimulator
		{F020A075-B2BB-4AED-91CC-31B6D58E7D44}.Debug|Any CPU.ActiveCfg = Debug|iPhone
		{F020A075-B2BB-4AED-91CC-31B6D58E7D44}.Debug|iPhone.ActiveCfg = Debug|iPhone
		{F020A075-B2BB-4AED-91CC-31B6D58E7D44}.Debug|iPhone.Build.0 = Debug|iPhone
		{F020A075-B2BB-4AED-91CC-31B6D58E7D44}.Debug|iPhoneSimulator.ActiveCfg = Debug|iPhoneSimulator
		{F020A075-B2BB-4AED-91CC-31B6D58E7D44}.Debug|iPhoneSimulator.Build.0 = Debug|iPhoneSimulator
		{F020A075-B2BB-4AED-91CC-31B6D58E7D44}.Release|Any CPU.ActiveCfg = Release|iPhone
		{F020A075-B2BB-4AED-91CC-31B6D58E7D44}.Release|iPhone.ActiveCfg = Release|iPhone
		{F020A075-B2BB-4AED-91CC-31B6D58E7D44}.Release|iPhone.Build.0 = Release|iPhone
		{F020A075-B2BB-4AED-91CC-31B6D58E7D44}.Release|iPhoneSimulator.ActiveCfg = Release|iPhoneSimulator
		{F020A075-B2BB-4AED-91CC-31B6D58E7D44}.Release|iPhoneSimulator.Build.0 = Release|iPhoneSimulator
	EndGlobalSection
	GlobalSection(SolutionProperties) = preSolution
		HideSolutionNode = FALSE
	EndGlobalSection
	GlobalSection(ExtensibilityGlobals) = postSolution
		SolutionGuid = {3828BF4D-FEEC-4CBF-B5A0-D764BA9E1069}
	EndGlobalSection
EndGlobal
